
Microsoft Visual Studio Solution File, Format Version 12.00
# Visual Studio 15
VisualStudioVersion = 15.0.28307.902
MinimumVisualStudioVersion = 10.0.40219.1
Project("{888888A0-9F3D-457C-B088-3A5042F75D52}") = "desk_call", "desk_call\desk_call.pyproj", "{61636686-9039-479F-AA52-EC5D30B45E76}"
EndProject
Global
	GlobalSection(SolutionConfigurationPlatforms) = preSolution
		Debug|Any CPU = Debug|Any CPU
		Release|Any CPU = Release|Any CPU
	EndGlobalSection
	GlobalSection(ProjectConfigurationPlatforms) = postSolution
		{61636686-9039-479F-AA52-EC5D30B45E76}.Debug|Any CPU.ActiveCfg = Debug|Any CPU
		{61636686-9039-479F-AA52-EC5D30B45E76}.Release|Any CPU.ActiveCfg = Release|Any CPU
	EndGlobalSection
	GlobalSection(SolutionProperties) = preSolution
		HideSolutionNode = FALSE
	EndGlobalSection
	GlobalSection(ExtensibilityGlobals) = postSolution
		SolutionGuid = {B267BD1D-0144-45F6-B31A-3484D19BD3EF}
	EndGlobalSection
EndGlobal
